
Microsoft Visual Studio Solution File, Format Version 12.00
Project("{FAE04EC0-301F-11D3-BF4B-00C04F79EFBC}") = "MyMessenger", "MyMessenger\MyMessenger.csproj", "{C2890199-66C5-4F73-A383-2F7EE4E2F0CD}"
EndProject
Project("{FAE04EC0-301F-11D3-BF4B-00C04F79EFBC}") = "DAL", "DAL\DAL.csproj", "{B1483FB2-841A-49B2-A394-CFE7A59682C2}"
EndProject
Global
	GlobalSection(SolutionConfigurationPlatforms) = preSolution
		Debug|Any CPU = Debug|Any CPU
		Release|Any CPU = Release|Any CPU
	EndGlobalSection
	GlobalSection(ProjectConfigurationPlatforms) = postSolution
		{C2890199-66C5-4F73-A383-2F7EE4E2F0CD}.Debug|Any CPU.ActiveCfg = Debug|Any CPU
		{C2890199-66C5-4F73-A383-2F7EE4E2F0CD}.Debug|Any CPU.Build.0 = Debug|Any CPU
		{C2890199-66C5-4F73-A383-2F7EE4E2F0CD}.Release|Any CPU.ActiveCfg = Release|Any CPU
		{C2890199-66C5-4F73-A383-2F7EE4E2F0CD}.Release|Any CPU.Build.0 = Release|Any CPU
		{B1483FB2-841A-49B2-A394-CFE7A59682C2}.Debug|Any CPU.ActiveCfg = Debug|Any CPU
		{B1483FB2-841A-49B2-A394-CFE7A59682C2}.Debug|Any CPU.Build.0 = Debug|Any CPU
		{B1483FB2-841A-49B2-A394-CFE7A59682C2}.Release|Any CPU.ActiveCfg = Release|Any CPU
		{B1483FB2-841A-49B2-A394-CFE7A59682C2}.Release|Any CPU.Build.0 = Release|Any CPU
	EndGlobalSection
EndGlobal
